// !$*UTF8*$!
{
	archiveVersion = 1;
	classes = {
	};
	objectVersion = 55;
	objects = {

/* Begin PBXBuildFile section */
		49686432293C9F85003C1C81 /* AppDelegate.swift in Sources */ = {isa = PBXBuildFile; fileRef = 49686431293C9F85003C1C81 /* AppDelegate.swift */; };
		49686434293C9F85003C1C81 /* SceneDelegate.swift in Sources */ = {isa = PBXBuildFile; fileRef = 49686433293C9F85003C1C81 /* SceneDelegate.swift */; };
		49686436293C9F85003C1C81 /* SplashViewController.swift in Sources */ = {isa = PBXBuildFile; fileRef = 49686435293C9F85003C1C81 /* SplashViewController.swift */; };
		49686439293C9F85003C1C81 /* Main.storyboard in Resources */ = {isa = PBXBuildFile; fileRef = 49686437293C9F85003C1C81 /* Main.storyboard */; };
		4968643B293C9F86003C1C81 /* Assets.xcassets in Resources */ = {isa = PBXBuildFile; fileRef = 4968643A293C9F86003C1C81 /* Assets.xcassets */; };
		4968643E293C9F86003C1C81 /* LaunchScreen.storyboard in Resources */ = {isa = PBXBuildFile; fileRef = 4968643C293C9F86003C1C81 /* LaunchScreen.storyboard */; };
		49686447293CA0F3003C1C81 /* SplashPresenter.swift in Sources */ = {isa = PBXBuildFile; fileRef = 49686446293CA0F3003C1C81 /* SplashPresenter.swift */; };
		49686449293CA71F003C1C81 /* SplashRouter.swift in Sources */ = {isa = PBXBuildFile; fileRef = 49686448293CA71F003C1C81 /* SplashRouter.swift */; };
		4968644B293CA8DA003C1C81 /* SplashInteractor.swift in Sources */ = {isa = PBXBuildFile; fileRef = 4968644A293CA8DA003C1C81 /* SplashInteractor.swift */; };
		4968644D293CA95D003C1C81 /* SplashEntity.swift in Sources */ = {isa = PBXBuildFile; fileRef = 4968644C293CA95D003C1C81 /* SplashEntity.swift */; };
		4968644F293CAAF3003C1C81 /* SplashBuilder.swift in Sources */ = {isa = PBXBuildFile; fileRef = 4968644E293CAAF3003C1C81 /* SplashBuilder.swift */; };
		49686451293D3A8D003C1C81 /* SplashLocal.swift in Sources */ = {isa = PBXBuildFile; fileRef = 49686450293D3A8D003C1C81 /* SplashLocal.swift */; };
		49686453293E2A7E003C1C81 /* SplashView.swift in Sources */ = {isa = PBXBuildFile; fileRef = 49686452293E2A7E003C1C81 /* SplashView.swift */; };
		49686456293E3780003C1C81 /* SplashViewCell.swift in Sources */ = {isa = PBXBuildFile; fileRef = 49686455293E3780003C1C81 /* SplashViewCell.swift */; };
		49686458293E59FC003C1C81 /* UIColorExtension.swift in Sources */ = {isa = PBXBuildFile; fileRef = 49686457293E59FC003C1C81 /* UIColorExtension.swift */; };
		DEF3945E9FA2298315A90640 /* Pods_FoodDViperApp.framework in Frameworks */ = {isa = PBXBuildFile; fileRef = 3D7403748BC748E5C797E322 /* Pods_FoodDViperApp.framework */; };
/* End PBXBuildFile section */

/* Begin PBXFileReference section */
		3D7403748BC748E5C797E322 /* Pods_FoodDViperApp.framework */ = {isa = PBXFileReference; explicitFileType = wrapper.framework; includeInIndex = 0; path = Pods_FoodDViperApp.framework; sourceTree = BUILT_PRODUCTS_DIR; };
		4968642E293C9F85003C1C81 /* FoodDViperApp.app */ = {isa = PBXFileReference; explicitFileType = wrapper.application; includeInIndex = 0; path = FoodDViperApp.app; sourceTree = BUILT_PRODUCTS_DIR; };
		49686431293C9F85003C1C81 /* AppDelegate.swift */ = {isa = PBXFileReference; lastKnownFileType = sourcecode.swift; path = AppDelegate.swift; sourceTree = "<group>"; };
		49686433293C9F85003C1C81 /* SceneDelegate.swift */ = {isa = PBXFileReference; lastKnownFileType = sourcecode.swift; path = SceneDelegate.swift; sourceTree = "<group>"; };
		49686435293C9F85003C1C81 /* SplashViewController.swift */ = {isa = PBXFileReference; lastKnownFileType = sourcecode.swift; path = SplashViewController.swift; sourceTree = "<group>"; };
		49686438293C9F85003C1C81 /* Base */ = {isa = PBXFileReference; lastKnownFileType = file.storyboard; name = Base; path = Base.lproj/Main.storyboard; sourceTree = "<group>"; };
		4968643A293C9F86003C1C81 /* Assets.xcassets */ = {isa = PBXFileReference; lastKnownFileType = folder.assetcatalog; path = Assets.xcassets; sourceTree = "<group>"; };
		4968643D293C9F86003C1C81 /* Base */ = {isa = PBXFileReference; lastKnownFileType = file.storyboard; name = Base; path = Base.lproj/LaunchScreen.storyboard; sourceTree = "<group>"; };
		4968643F293C9F86003C1C81 /* Info.plist */ = {isa = PBXFileReference; lastKnownFileType = text.plist.xml; path = Info.plist; sourceTree = "<group>"; };
		49686446293CA0F3003C1C81 /* SplashPresenter.swift */ = {isa = PBXFileReference; lastKnownFileType = sourcecode.swift; path = SplashPresenter.swift; sourceTree = "<group>"; };
		49686448293CA71F003C1C81 /* SplashRouter.swift */ = {isa = PBXFileReference; lastKnownFileType = sourcecode.swift; path = SplashRouter.swift; sourceTree = "<group>"; };
		4968644A293CA8DA003C1C81 /* SplashInteractor.swift */ = {isa = PBXFileReference; lastKnownFileType = sourcecode.swift; path = SplashInteractor.swift; sourceTree = "<group>"; };
		4968644C293CA95D003C1C81 /* SplashEntity.swift */ = {isa = PBXFileReference; lastKnownFileType = sourcecode.swift; path = SplashEntity.swift; sourceTree = "<group>"; };
		4968644E293CAAF3003C1C81 /* SplashBuilder.swift */ = {isa = PBXFileReference; lastKnownFileType = sourcecode.swift; path = SplashBuilder.swift; sourceTree = "<group>"; };
		49686450293D3A8D003C1C81 /* SplashLocal.swift */ = {isa = PBXFileReference; lastKnownFileType = sourcecode.swift; path = SplashLocal.swift; sourceTree = "<group>"; };
		49686452293E2A7E003C1C81 /* SplashView.swift */ = {isa = PBXFileReference; lastKnownFileType = sourcecode.swift; path = SplashView.swift; sourceTree = "<group>"; };
		49686455293E3780003C1C81 /* SplashViewCell.swift */ = {isa = PBXFileReference; lastKnownFileType = sourcecode.swift; path = SplashViewCell.swift; sourceTree = "<group>"; };
		49686457293E59FC003C1C81 /* UIColorExtension.swift */ = {isa = PBXFileReference; lastKnownFileType = sourcecode.swift; path = UIColorExtension.swift; sourceTree = "<group>"; };
		74764E73C52410D00C594B0B /* Pods-FoodDViperApp.debug.xcconfig */ = {isa = PBXFileReference; includeInIndex = 1; lastKnownFileType = text.xcconfig; name = "Pods-FoodDViperApp.debug.xcconfig"; path = "Target Support Files/Pods-FoodDViperApp/Pods-FoodDViperApp.debug.xcconfig"; sourceTree = "<group>"; };
		BB05C6E955FD9AB2BB30C2D0 /* Pods-FoodDViperApp.release.xcconfig */ = {isa = PBXFileReference; includeInIndex = 1; lastKnownFileType = text.xcconfig; name = "Pods-FoodDViperApp.release.xcconfig"; path = "Target Support Files/Pods-FoodDViperApp/Pods-FoodDViperApp.release.xcconfig"; sourceTree = "<group>"; };
/* End PBXFileReference section */

/* Begin PBXFrameworksBuildPhase section */
		4968642B293C9F85003C1C81 /* Frameworks */ = {
			isa = PBXFrameworksBuildPhase;
			buildActionMask = 2147483647;
			files = (
				DEF3945E9FA2298315A90640 /* Pods_FoodDViperApp.framework in Frameworks */,
			);
			runOnlyForDeploymentPostprocessing = 0;
		};
/* End PBXFrameworksBuildPhase section */

/* Begin PBXGroup section */
		17CD0B36E1FF9598FF4F86E3 /* Frameworks */ = {
			isa = PBXGroup;
			children = (
				3D7403748BC748E5C797E322 /* Pods_FoodDViperApp.framework */,
			);
			name = Frameworks;
			sourceTree = "<group>";
		};
		49686425293C9F85003C1C81 = {
			isa = PBXGroup;
			children = (
				49686430293C9F85003C1C81 /* FoodDViperApp */,
				4968642F293C9F85003C1C81 /* Products */,
				5C8DD68B769A08E496E948E0 /* Pods */,
				17CD0B36E1FF9598FF4F86E3 /* Frameworks */,
			);
			sourceTree = "<group>";
		};
		4968642F293C9F85003C1C81 /* Products */ = {
			isa = PBXGroup;
			children = (
				4968642E293C9F85003C1C81 /* FoodDViperApp.app */,
			);
			name = Products;
			sourceTree = "<group>";
		};
		49686430293C9F85003C1C81 /* FoodDViperApp */ = {
			isa = PBXGroup;
			children = (
				49686431293C9F85003C1C81 /* AppDelegate.swift */,
				49686457293E59FC003C1C81 /* UIColorExtension.swift */,
				49686433293C9F85003C1C81 /* SceneDelegate.swift */,
				49686445293CA09C003C1C81 /* SplashModule */,
				49686437293C9F85003C1C81 /* Main.storyboard */,
				4968643A293C9F86003C1C81 /* Assets.xcassets */,
				4968643C293C9F86003C1C81 /* LaunchScreen.storyboard */,
				4968643F293C9F86003C1C81 /* Info.plist */,
			);
			path = FoodDViperApp;
			sourceTree = "<group>";
		};
		49686445293CA09C003C1C81 /* SplashModule */ = {
			isa = PBXGroup;
			children = (
				49686454293E2B95003C1C81 /* View */,
				49686446293CA0F3003C1C81 /* SplashPresenter.swift */,
				49686435293C9F85003C1C81 /* SplashViewController.swift */,
				49686448293CA71F003C1C81 /* SplashRouter.swift */,
				4968644A293CA8DA003C1C81 /* SplashInteractor.swift */,
				4968644C293CA95D003C1C81 /* SplashEntity.swift */,
				4968644E293CAAF3003C1C81 /* SplashBuilder.swift */,
				49686450293D3A8D003C1C81 /* SplashLocal.swift */,
			);
			path = SplashModule;
			sourceTree = "<group>";
		};
		49686454293E2B95003C1C81 /* View */ = {
			isa = PBXGroup;
			children = (
				49686452293E2A7E003C1C81 /* SplashView.swift */,
				49686455293E3780003C1C81 /* SplashViewCell.swift */,
			);
			path = View;
			sourceTree = "<group>";
		};
		5C8DD68B769A08E496E948E0 /* Pods */ = {
			isa = PBXGroup;
			children = (
				74764E73C52410D00C594B0B /* Pods-FoodDViperApp.debug.xcconfig */,
				BB05C6E955FD9AB2BB30C2D0 /* Pods-FoodDViperApp.release.xcconfig */,
			);
			path = Pods;
			sourceTree = "<group>";
		};
/* End PBXGroup section */

/* Begin PBXNativeTarget section */
		4968642D293C9F85003C1C81 /* FoodDViperApp */ = {
			isa = PBXNativeTarget;
			buildConfigurationList = 49686442293C9F86003C1C81 /* Build configuration list for PBXNativeTarget "FoodDViperApp" */;
			buildPhases = (
				0EE903F11D88B4687C78BC29 /* [CP] Check Pods Manifest.lock */,
				4968642A293C9F85003C1C81 /* Sources */,
				4968642B293C9F85003C1C81 /* Frameworks */,
				4968642C293C9F85003C1C81 /* Resources */,
				E97E995263355BB869B0FD30 /* [CP] Embed Pods Frameworks */,
			);
			buildRules = (
			);
			dependencies = (
			);
			name = FoodDViperApp;
			productName = FoodDViperApp;
			productReference = 4968642E293C9F85003C1C81 /* FoodDViperApp.app */;
			productType = "com.apple.product-type.application";
		};
/* End PBXNativeTarget section */

/* Begin PBXProject section */
		49686426293C9F85003C1C81 /* Project object */ = {
			isa = PBXProject;
			attributes = {
				BuildIndependentTargetsInParallel = 1;
				LastSwiftUpdateCheck = 1340;
				LastUpgradeCheck = 1340;
				TargetAttributes = {
					4968642D293C9F85003C1C81 = {
						CreatedOnToolsVersion = 13.4.1;
					};
				};
			};
			buildConfigurationList = 49686429293C9F85003C1C81 /* Build configuration list for PBXProject "FoodDViperApp" */;
			compatibilityVersion = "Xcode 13.0";
			developmentRegion = en;
			hasScannedForEncodings = 0;
			knownRegions = (
				en,
				Base,
			);
			mainGroup = 49686425293C9F85003C1C81;
			productRefGroup = 4968642F293C9F85003C1C81 /* Products */;
			projectDirPath = "";
			projectRoot = "";
			targets = (
				4968642D293C9F85003C1C81 /* FoodDViperApp */,
			);
		};
/* End PBXProject section */

/* Begin PBXResourcesBuildPhase section */
		4968642C293C9F85003C1C81 /* Resources */ = {
			isa = PBXResourcesBuildPhase;
			buildActionMask = 2147483647;
			files = (
				4968643E293C9F86003C1C81 /* LaunchScreen.storyboard in Resources */,
				4968643B293C9F86003C1C81 /* Assets.xcassets in Resources */,
				49686439293C9F85003C1C81 /* Main.storyboard in Resources */,
			);
			runOnlyForDeploymentPostprocessing = 0;
		};
/* End PBXResourcesBuildPhase section */

/* Begin PBXShellScriptBuildPhase section */
		0EE903F11D88B4687C78BC29 /* [CP] Check Pods Manifest.lock */ = {
			isa = PBXShellScriptBuildPhase;
			buildActionMask = 2147483647;
			files = (
			);
			inputFileListPaths = (
			);
			inputPaths = (
				"${PODS_PODFILE_DIR_PATH}/Podfile.lock",
				"${PODS_ROOT}/Manifest.lock",
			);
			name = "[CP] Check Pods Manifest.lock";
			outputFileListPaths = (
			);
			outputPaths = (
				"$(DERIVED_FILE_DIR)/Pods-FoodDViperApp-checkManifestLockResult.txt",
			);
			runOnlyForDeploymentPostprocessing = 0;
			shellPath = /bin/sh;
			shellScript = "diff \"${PODS_PODFILE_DIR_PATH}/Podfile.lock\" \"${PODS_ROOT}/Manifest.lock\" > /dev/null\nif [ $? != 0 ] ; then\n    # print error to STDERR\n    echo \"error: The sandbox is not in sync with the Podfile.lock. Run 'pod install' or update your CocoaPods installation.\" >&2\n    exit 1\nfi\n# This output is used by Xcode 'outputs' to avoid re-running this script phase.\necho \"SUCCESS\" > \"${SCRIPT_OUTPUT_FILE_0}\"\n";
			showEnvVarsInLog = 0;
		};
		E97E995263355BB869B0FD30 /* [CP] Embed Pods Frameworks */ = {
			isa = PBXShellScriptBuildPhase;
			buildActionMask = 2147483647;
			files = (
			);
			inputFileListPaths = (
				"${PODS_ROOT}/Target Support Files/Pods-FoodDViperApp/Pods-FoodDViperApp-frameworks-${CONFIGURATION}-input-files.xcfilelist",
			);
			name = "[CP] Embed Pods Frameworks";
			outputFileListPaths = (
				"${PODS_ROOT}/Target Support Files/Pods-FoodDViperApp/Pods-FoodDViperApp-frameworks-${CONFIGURATION}-output-files.xcfilelist",
			);
			runOnlyForDeploymentPostprocessing = 0;
			shellPath = /bin/sh;
			shellScript = "\"${PODS_ROOT}/Target Support Files/Pods-FoodDViperApp/Pods-FoodDViperApp-frameworks.sh\"\n";
			showEnvVarsInLog = 0;
		};
/* End PBXShellScriptBuildPhase section */

/* Begin PBXSourcesBuildPhase section */
		4968642A293C9F85003C1C81 /* Sources */ = {
			isa = PBXSourcesBuildPhase;
			buildActionMask = 2147483647;
			files = (
				49686456293E3780003C1C81 /* SplashViewCell.swift in Sources */,
				49686449293CA71F003C1C81 /* SplashRouter.swift in Sources */,
				4968644B293CA8DA003C1C81 /* SplashInteractor.swift in Sources */,
				49686436293C9F85003C1C81 /* SplashViewController.swift in Sources */,
				49686432293C9F85003C1C81 /* AppDelegate.swift in Sources */,
				49686451293D3A8D003C1C81 /* SplashLocal.swift in Sources */,
				49686434293C9F85003C1C81 /* SceneDelegate.swift in Sources */,
				49686458293E59FC003C1C81 /* UIColorExtension.swift in Sources */,
				4968644D293CA95D003C1C81 /* SplashEntity.swift in Sources */,
				49686453293E2A7E003C1C81 /* SplashView.swift in Sources */,
				4968644F293CAAF3003C1C81 /* SplashBuilder.swift in Sources */,
				49686447293CA0F3003C1C81 /* SplashPresenter.swift in Sources */,
			);
			runOnlyForDeploymentPostprocessing = 0;
		};
/* End PBXSourcesBuildPhase section */

/* Begin PBXVariantGroup section */
		49686437293C9F85003C1C81 /* Main.storyboard */ = {
			isa = PBXVariantGroup;
			children = (
				49686438293C9F85003C1C81 /* Base */,
			);
			name = Main.storyboard;
			sourceTree = "<group>";
		};
		4968643C293C9F86003C1C81 /* LaunchScreen.storyboard */ = {
			isa = PBXVariantGroup;
			children = (
				4968643D293C9F86003C1C81 /* Base */,
			);
			name = LaunchScreen.storyboard;
			sourceTree = "<group>";
		};
/* End PBXVariantGroup section */

/* Begin XCBuildConfiguration section */
		49686440293C9F86003C1C81 /* Debug */ = {
			isa = XCBuildConfiguration;
			buildSettings = {
				ALWAYS_SEARCH_USER_PATHS = NO;
				CLANG_ANALYZER_NONNULL = YES;
				CLANG_ANALYZER_NUMBER_OBJECT_CONVERSION = YES_AGGRESSIVE;
				CLANG_CXX_LANGUAGE_STANDARD = "gnu++17";
				CLANG_ENABLE_MODULES = YES;
				CLANG_ENABLE_OBJC_ARC = YES;
				CLANG_ENABLE_OBJC_WEAK = YES;
				CLANG_WARN_BLOCK_CAPTURE_AUTORELEASING = YES;
				CLANG_WARN_BOOL_CONVERSION = YES;
				CLANG_WARN_COMMA = YES;
				CLANG_WARN_CONSTANT_CONVERSION = YES;
				CLANG_WARN_DEPRECATED_OBJC_IMPLEMENTATIONS = YES;
				CLANG_WARN_DIRECT_OBJC_ISA_USAGE = YES_ERROR;
				CLANG_WARN_DOCUMENTATION_COMMENTS = YES;
				CLANG_WARN_EMPTY_BODY = YES;
				CLANG_WARN_ENUM_CONVERSION = YES;
				CLANG_WARN_INFINITE_RECURSION = YES;
				CLANG_WARN_INT_CONVERSION = YES;
				CLANG_WARN_NON_LITERAL_NULL_CONVERSION = YES;
				CLANG_WARN_OBJC_IMPLICIT_RETAIN_SELF = YES;
				CLANG_WARN_OBJC_LITERAL_CONVERSION = YES;
				CLANG_WARN_OBJC_ROOT_CLASS = YES_ERROR;
				CLANG_WARN_QUOTED_INCLUDE_IN_FRAMEWORK_HEADER = YES;
				CLANG_WARN_RANGE_LOOP_ANALYSIS = YES;
				CLANG_WARN_STRICT_PROTOTYPES = YES;
				CLANG_WARN_SUSPICIOUS_MOVE = YES;
				CLANG_WARN_UNGUARDED_AVAILABILITY = YES_AGGRESSIVE;
				CLANG_WARN_UNREACHABLE_CODE = YES;
				CLANG_WARN__DUPLICATE_METHOD_MATCH = YES;
				COPY_PHASE_STRIP = NO;
				DEBUG_INFORMATION_FORMAT = dwarf;
				ENABLE_STRICT_OBJC_MSGSEND = YES;
				ENABLE_TESTABILITY = YES;
				GCC_C_LANGUAGE_STANDARD = gnu11;
				GCC_DYNAMIC_NO_PIC = NO;
				GCC_NO_COMMON_BLOCKS = YES;
				GCC_OPTIMIZATION_LEVEL = 0;
				GCC_PREPROCESSOR_DEFINITIONS = (
					"DEBUG=1",
					"$(inherited)",
				);
				GCC_WARN_64_TO_32_BIT_CONVERSION = YES;
				GCC_WARN_ABOUT_RETURN_TYPE = YES_ERROR;
				GCC_WARN_UNDECLARED_SELECTOR = YES;
				GCC_WARN_UNINITIALIZED_AUTOS = YES_AGGRESSIVE;
				GCC_WARN_UNUSED_FUNCTION = YES;
				GCC_WARN_UNUSED_VARIABLE = YES;
				IPHONEOS_DEPLOYMENT_TARGET = 15.5;
				MTL_ENABLE_DEBUG_INFO = INCLUDE_SOURCE;
				MTL_FAST_MATH = YES;
				ONLY_ACTIVE_ARCH = YES;
				SDKROOT = iphoneos;
				SWIFT_ACTIVE_COMPILATION_CONDITIONS = DEBUG;
				SWIFT_OPTIMIZATION_LEVEL = "-Onone";
			};
			name = Debug;
		};
		49686441293C9F86003C1C81 /* Release */ = {
			isa = XCBuildConfiguration;
			buildSettings = {
				ALWAYS_SEARCH_USER_PATHS = NO;
				CLANG_ANALYZER_NONNULL = YES;
				CLANG_ANALYZER_NUMBER_OBJECT_CONVERSION = YES_AGGRESSIVE;
				CLANG_CXX_LANGUAGE_STANDARD = "gnu++17";
				CLANG_ENABLE_MODULES = YES;
				CLANG_ENABLE_OBJC_ARC = YES;
				CLANG_ENABLE_OBJC_WEAK = YES;
				CLANG_WARN_BLOCK_CAPTURE_AUTORELEASING = YES;
				CLANG_WARN_BOOL_CONVERSION = YES;
				CLANG_WARN_COMMA = YES;
				CLANG_WARN_CONSTANT_CONVERSION = YES;
				CLANG_WARN_DEPRECATED_OBJC_IMPLEMENTATIONS = YES;
				CLANG_WARN_DIRECT_OBJC_ISA_USAGE = YES_ERROR;
				CLANG_WARN_DOCUMENTATION_COMMENTS = YES;
				CLANG_WARN_EMPTY_BODY = YES;
				CLANG_WARN_ENUM_CONVERSION = YES;
				CLANG_WARN_INFINITE_RECURSION = YES;
				CLANG_WARN_INT_CONVERSION = YES;
				CLANG_WARN_NON_LITERAL_NULL_CONVERSION = YES;
				CLANG_WARN_OBJC_IMPLICIT_RETAIN_SELF = YES;
				CLANG_WARN_OBJC_LITERAL_CONVERSION = YES;
				CLANG_WARN_OBJC_ROOT_CLASS = YES_ERROR;
				CLANG_WARN_QUOTED_INCLUDE_IN_FRAMEWORK_HEADER = YES;
				CLANG_WARN_RANGE_LOOP_ANALYSIS = YES;
				CLANG_WARN_STRICT_PROTOTYPES = YES;
				CLANG_WARN_SUSPICIOUS_MOVE = YES;
				CLANG_WARN_UNGUARDED_AVAILABILITY = YES_AGGRESSIVE;
				CLANG_WARN_UNREACHABLE_CODE = YES;
				CLANG_WARN__DUPLICATE_METHOD_MATCH = YES;
				COPY_PHASE_STRIP = NO;
				DEBUG_INFORMATION_FORMAT = "dwarf-with-dsym";
				ENABLE_NS_ASSERTIONS = NO;
				ENABLE_STRICT_OBJC_MSGSEND = YES;
				GCC_C_LANGUAGE_STANDARD = gnu11;
				GCC_NO_COMMON_BLOCKS = YES;
				GCC_WARN_64_TO_32_BIT_CONVERSION = YES;
				GCC_WARN_ABOUT_RETURN_TYPE = YES_ERROR;
				GCC_WARN_UNDECLARED_SELECTOR = YES;
				GCC_WARN_UNINITIALIZED_AUTOS = YES_AGGRESSIVE;
				GCC_WARN_UNUSED_FUNCTION = YES;
				GCC_WARN_UNUSED_VARIABLE = YES;
				IPHONEOS_DEPLOYMENT_TARGET = 15.5;
				MTL_ENABLE_DEBUG_INFO = NO;
				MTL_FAST_MATH = YES;
				SDKROOT = iphoneos;
				SWIFT_COMPILATION_MODE = wholemodule;
				SWIFT_OPTIMIZATION_LEVEL = "-O";
				VALIDATE_PRODUCT = YES;
			};
			name = Release;
		};
		49686443293C9F86003C1C81 /* Debug */ = {
			isa = XCBuildConfiguration;
			baseConfigurationReference = 74764E73C52410D00C594B0B /* Pods-FoodDViperApp.debug.xcconfig */;
			buildSettings = {
				ASSETCATALOG_COMPILER_APPICON_NAME = AppIcon;
				ASSETCATALOG_COMPILER_GLOBAL_ACCENT_COLOR_NAME = AccentColor;
				CODE_SIGN_STYLE = Automatic;
				CURRENT_PROJECT_VERSION = 1;
				GENERATE_INFOPLIST_FILE = YES;
				INFOPLIST_FILE = FoodDViperApp/Info.plist;
				INFOPLIST_KEY_UIApplicationSupportsIndirectInputEvents = YES;
				INFOPLIST_KEY_UILaunchStoryboardName = LaunchScreen;
				INFOPLIST_KEY_UISupportedInterfaceOrientations_iPad = "UIInterfaceOrientationPortrait UIInterfaceOrientationPortraitUpsideDown UIInterfaceOrientationLandscapeLeft UIInterfaceOrientationLandscapeRight";
				INFOPLIST_KEY_UISupportedInterfaceOrientations_iPhone = "UIInterfaceOrientationPortrait UIInterfaceOrientationLandscapeLeft UIInterfaceOrientationLandscapeRight";
				LD_RUNPATH_SEARCH_PATHS = (
					"$(inherited)",
					"@executable_path/Frameworks",
				);
				MARKETING_VERSION = 1.0;
				PRODUCT_BUNDLE_IDENTIFIER = Apps.FoodDViperApp;
				PRODUCT_NAME = "$(TARGET_NAME)";
				SWIFT_EMIT_LOC_STRINGS = YES;
				SWIFT_VERSION = 5.0;
				TARGETED_DEVICE_FAMILY = "1,2";
			};
			name = Debug;
		};
		49686444293C9F86003C1C81 /* Release */ = {
			isa = XCBuildConfiguration;
			baseConfigurationReference = BB05C6E955FD9AB2BB30C2D0 /* Pods-FoodDViperApp.release.xcconfig */;
			buildSettings = {
				ASSETCATALOG_COMPILER_APPICON_NAME = AppIcon;
				ASSETCATALOG_COMPILER_GLOBAL_ACCENT_COLOR_NAME = AccentColor;
				CODE_SIGN_STYLE = Automatic;
				CURRENT_PROJECT_VERSION = 1;
				GENERATE_INFOPLIST_FILE = YES;
				INFOPLIST_FILE = FoodDViperApp/Info.plist;
				INFOPLIST_KEY_UIApplicationSupportsIndirectInputEvents = YES;
				INFOPLIST_KEY_UILaunchStoryboardName = LaunchScreen;
				INFOPLIST_KEY_UISupportedInterfaceOrientations_iPad = "UIInterfaceOrientationPortrait UIInterfaceOrientationPortraitUpsideDown UIInterfaceOrientationLandscapeLeft UIInterfaceOrientationLandscapeRight";
				INFOPLIST_KEY_UISupportedInterfaceOrientations_iPhone = "UIInterfaceOrientationPortrait UIInterfaceOrientationLandscapeLeft UIInterfaceOrientationLandscapeRight";
				LD_RUNPATH_SEARCH_PATHS = (
					"$(inherited)",
					"@executable_path/Frameworks",
				);
				MARKETING_VERSION = 1.0;
				PRODUCT_BUNDLE_IDENTIFIER = Apps.FoodDViperApp;
				PRODUCT_NAME = "$(TARGET_NAME)";
				SWIFT_EMIT_LOC_STRINGS = YES;
				SWIFT_VERSION = 5.0;
				TARGETED_DEVICE_FAMILY = "1,2";
			};
			name = Release;
		};
/* End XCBuildConfiguration section */

/* Begin XCConfigurationList section */
		49686429293C9F85003C1C81 /* Build configuration list for PBXProject "FoodDViperApp" */ = {
			isa = XCConfigurationList;
			buildConfigurations = (
				49686440293C9F86003C1C81 /* Debug */,
				49686441293C9F86003C1C81 /* Release */,
			);
			defaultConfigurationIsVisible = 0;
			defaultConfigurationName = Release;
		};
		49686442293C9F86003C1C81 /* Build configuration list for PBXNativeTarget "FoodDViperApp" */ = {
			isa = XCConfigurationList;
			buildConfigurations = (
				49686443293C9F86003C1C81 /* Debug */,
				49686444293C9F86003C1C81 /* Release */,
			);
			defaultConfigurationIsVisible = 0;
			defaultConfigurationName = Release;
		};
/* End XCConfigurationList section */
	};
	rootObject = 49686426293C9F85003C1C81 /* Project object */;
}
